
Microsoft Visual Studio Solution File, Format Version 12.00
# Visual Studio Version 17
VisualStudioVersion = 17.0.31903.59
MinimumVisualStudioVersion = 10.0.40219.1
Project("{9A19103F-16F7-4668-BE54-9A1E7A4F7556}") = "bobkpop.main", "bobkpop.main\bobkpop.main.csproj", "{46C6A1B6-5979-4BFF-84D1-2CF815DE99C7}"
EndProject
Project("{9A19103F-16F7-4668-BE54-9A1E7A4F7556}") = "bobkpop.test", "bobkpop.test\bobkpop.test.csproj", "{09F35583-0323-4CA7-8E98-6F990960AC38}"
EndProject
Project("{FAE04EC0-301F-11D3-BF4B-00C04F79EFBC}") = "bob-api", "bob-api\bob-api.csproj", "{BC9D6F62-77AD-43CA-A409-073C2F61BA39}"
EndProject
Global
	GlobalSection(SolutionConfigurationPlatforms) = preSolution
		Debug|Any CPU = Debug|Any CPU
		Release|Any CPU = Release|Any CPU
	EndGlobalSection
	GlobalSection(ProjectConfigurationPlatforms) = postSolution
		{46C6A1B6-5979-4BFF-84D1-2CF815DE99C7}.Debug|Any CPU.ActiveCfg = Debug|Any CPU
		{46C6A1B6-5979-4BFF-84D1-2CF815DE99C7}.Debug|Any CPU.Build.0 = Debug|Any CPU
		{46C6A1B6-5979-4BFF-84D1-2CF815DE99C7}.Release|Any CPU.ActiveCfg = Release|Any CPU
		{46C6A1B6-5979-4BFF-84D1-2CF815DE99C7}.Release|Any CPU.Build.0 = Release|Any CPU
		{09F35583-0323-4CA7-8E98-6F990960AC38}.Debug|Any CPU.ActiveCfg = Debug|Any CPU
		{09F35583-0323-4CA7-8E98-6F990960AC38}.Debug|Any CPU.Build.0 = Debug|Any CPU
		{09F35583-0323-4CA7-8E98-6F990960AC38}.Release|Any CPU.ActiveCfg = Release|Any CPU
		{09F35583-0323-4CA7-8E98-6F990960AC38}.Release|Any CPU.Build.0 = Release|Any CPU
		{BC9D6F62-77AD-43CA-A409-073C2F61BA39}.Debug|Any CPU.ActiveCfg = Debug|Any CPU
		{BC9D6F62-77AD-43CA-A409-073C2F61BA39}.Debug|Any CPU.Build.0 = Debug|Any CPU
		{BC9D6F62-77AD-43CA-A409-073C2F61BA39}.Release|Any CPU.ActiveCfg = Release|Any CPU
		{BC9D6F62-77AD-43CA-A409-073C2F61BA39}.Release|Any CPU.Build.0 = Release|Any CPU
	EndGlobalSection
	GlobalSection(SolutionProperties) = preSolution
		HideSolutionNode = FALSE
	EndGlobalSection
EndGlobal
