
Microsoft Visual Studio Solution File, Format Version 12.00
# Visual Studio Version 17
VisualStudioVersion = 17.0.31903.59
MinimumVisualStudioVersion = 10.0.40219.1
Project("{9A19103F-16F7-4668-BE54-9A1E7A4F7556}") = "bobkpop.test", "bobkpop.test\bobkpop.test.csproj", "{09F35583-0323-4CA7-8E98-6F990960AC38}"
EndProject
Project("{9A19103F-16F7-4668-BE54-9A1E7A4F7556}") = "bob-api", "bob-api\bob-api.csproj", "{BC9D6F62-77AD-43CA-A409-073C2F61BA39}"
EndProject
Global
	GlobalSection(SolutionConfigurationPlatforms) = preSolution
		Debug|Any CPU = Debug|Any CPU
		Release|Any CPU = Release|Any CPU
	EndGlobalSection
	GlobalSection(ProjectConfigurationPlatforms) = postSolution
		{09F35583-0323-4CA7-8E98-6F990960AC38}.Debug|Any CPU.ActiveCfg = Debug|Any CPU
		{09F35583-0323-4CA7-8E98-6F990960AC38}.Debug|Any CPU.Build.0 = Debug|Any CPU
		{09F35583-0323-4CA7-8E98-6F990960AC38}.Release|Any CPU.ActiveCfg = Release|Any CPU
		{09F35583-0323-4CA7-8E98-6F990960AC38}.Release|Any CPU.Build.0 = Release|Any CPU
		{BC9D6F62-77AD-43CA-A409-073C2F61BA39}.Debug|Any CPU.ActiveCfg = Debug|Any CPU
		{BC9D6F62-77AD-43CA-A409-073C2F61BA39}.Debug|Any CPU.Build.0 = Debug|Any CPU
		{BC9D6F62-77AD-43CA-A409-073C2F61BA39}.Release|Any CPU.ActiveCfg = Release|Any CPU
		{BC9D6F62-77AD-43CA-A409-073C2F61BA39}.Release|Any CPU.Build.0 = Release|Any CPU
	EndGlobalSection
	GlobalSection(SolutionProperties) = preSolution
		HideSolutionNode = FALSE
	EndGlobalSection
	GlobalSection(ExtensibilityGlobals) = postSolution
		SolutionGuid = {251BC106-40AC-479B-B31B-D778A96D3F49}
	EndGlobalSection
EndGlobal
